
Microsoft Visual Studio Solution File, Format Version 12.00
# Visual Studio Version 16
VisualStudioVersion = 16.0.30611.23
MinimumVisualStudioVersion = 10.0.40219.1
Project("{FAE04EC0-301F-11D3-BF4B-00C04F79EFBC}") = "libManagmentSystem", "libManagmentSystem.csproj", "{BF199ED0-A19B-42ED-90D0-D5EF6DFDD18D}"
EndProject
Global
	GlobalSection(SolutionConfigurationPlatforms) = preSolution
		Debug|Any CPU = Debug|Any CPU
		Release|Any CPU = Release|Any CPU
	EndGlobalSection
	GlobalSection(ProjectConfigurationPlatforms) = postSolution
		{BF199ED0-A19B-42ED-90D0-D5EF6DFDD18D}.Debug|Any CPU.ActiveCfg = Debug|Any CPU
		{BF199ED0-A19B-42ED-90D0-D5EF6DFDD18D}.Debug|Any CPU.Build.0 = Debug|Any CPU
		{BF199ED0-A19B-42ED-90D0-D5EF6DFDD18D}.Release|Any CPU.ActiveCfg = Release|Any CPU
		{BF199ED0-A19B-42ED-90D0-D5EF6DFDD18D}.Release|Any CPU.Build.0 = Release|Any CPU
	EndGlobalSection
	GlobalSection(SolutionProperties) = preSolution
		HideSolutionNode = FALSE
	EndGlobalSection
	GlobalSection(ExtensibilityGlobals) = postSolution
		SolutionGuid = {B6B0DF01-4FCB-4397-BC79-4B581B1A7D94}
	EndGlobalSection
EndGlobal
